
Microsoft Visual Studio Solution File, Format Version 12.00
# Visual Studio Version 17
VisualStudioVersion = 17.8.34316.72
MinimumVisualStudioVersion = 10.0.40219.1
Project("{FAE04EC0-301F-11D3-BF4B-00C04F79EFBC}") = "StructsExercise", "StructsExercise.csproj", "{610A38C4-42BF-43E2-AC99-D9B4B8269EA4}"
EndProject
Global
	GlobalSection(SolutionConfigurationPlatforms) = preSolution
		Debug|Any CPU = Debug|Any CPU
		Release|Any CPU = Release|Any CPU
	EndGlobalSection
	GlobalSection(ProjectConfigurationPlatforms) = postSolution
		{610A38C4-42BF-43E2-AC99-D9B4B8269EA4}.Debug|Any CPU.ActiveCfg = Debug|Any CPU
		{610A38C4-42BF-43E2-AC99-D9B4B8269EA4}.Debug|Any CPU.Build.0 = Debug|Any CPU
		{610A38C4-42BF-43E2-AC99-D9B4B8269EA4}.Release|Any CPU.ActiveCfg = Release|Any CPU
		{610A38C4-42BF-43E2-AC99-D9B4B8269EA4}.Release|Any CPU.Build.0 = Release|Any CPU
	EndGlobalSection
	GlobalSection(SolutionProperties) = preSolution
		HideSolutionNode = FALSE
	EndGlobalSection
	GlobalSection(ExtensibilityGlobals) = postSolution
		SolutionGuid = {4EC3629B-8528-41BA-9DCA-F70CDEF6461F}
	EndGlobalSection
EndGlobal
